{
  "name": "fe",
  "lockfileVersion": 3,
  "requires": true,
  "packages": {
    "": {
      "devDependencies": {
        "chromatic": "^11.12.5"
      }
    },
    "node_modules/chromatic": {
      "version": "11.12.5",
      "resolved": "https://registry.npmjs.org/chromatic/-/chromatic-11.12.5.tgz",
      "integrity": "sha512-5z+BXQy3TMyXIzCdCDO9Psc8aMs9kIrCFHhMgYbwA6dTXxAL0oUjHZbICn5h4Ay/fM9cZQPaCH9T7a3myPA8Sw==",
      "dev": true,
      "bin": {
        "chroma": "dist/bin.js",
        "chromatic": "dist/bin.js",
        "chromatic-cli": "dist/bin.js"
      },
      "peerDependencies": {
        "@chromatic-com/cypress": "^0.*.* || ^1.0.0",
        "@chromatic-com/playwright": "^0.*.* || ^1.0.0"
      },
      "peerDependenciesMeta": {
        "@chromatic-com/cypress": {
          "optional": true
        },
        "@chromatic-com/playwright": {
          "optional": true
        }
      }
    }
  }
}
